
Microsoft Visual Studio Solution File, Format Version 12.00
# Visual Studio Version 17
VisualStudioVersion = 17.9.34622.214
MinimumVisualStudioVersion = 10.0.40219.1
Project("{FAE04EC0-301F-11D3-BF4B-00C04F79EFBC}") = "TeachersClassRecord", "TeachersClassRecord.csproj", "{2741B290-E58E-4409-A37C-F981EB86048A}"
EndProject
Global
	GlobalSection(SolutionConfigurationPlatforms) = preSolution
		Debug|Any CPU = Debug|Any CPU
		Release|Any CPU = Release|Any CPU
	EndGlobalSection
	GlobalSection(ProjectConfigurationPlatforms) = postSolution
		{2741B290-E58E-4409-A37C-F981EB86048A}.Debug|Any CPU.ActiveCfg = Debug|Any CPU
		{2741B290-E58E-4409-A37C-F981EB86048A}.Debug|Any CPU.Build.0 = Debug|Any CPU
		{2741B290-E58E-4409-A37C-F981EB86048A}.Release|Any CPU.ActiveCfg = Release|Any CPU
		{2741B290-E58E-4409-A37C-F981EB86048A}.Release|Any CPU.Build.0 = Release|Any CPU
	EndGlobalSection
	GlobalSection(SolutionProperties) = preSolution
		HideSolutionNode = FALSE
	EndGlobalSection
	GlobalSection(ExtensibilityGlobals) = postSolution
		SolutionGuid = {3C73D199-F60C-494E-BF71-F3C7C290B4DE}
	EndGlobalSection
EndGlobal
